// !$*UTF8*$!
{
	archiveVersion = 1;
	classes = {
	};
	objectVersion = 55;
	objects = {

/* Begin PBXBuildFile section */
		700645B3282BA13D001B7673 /* SlideSelector.swift in Sources */ = {isa = PBXBuildFile; fileRef = 700645B2282BA13D001B7673 /* SlideSelector.swift */; };
		700AB74B2802B1D200BEE0B4 /* AppDelegate.swift in Sources */ = {isa = PBXBuildFile; fileRef = 700AB74A2802B1D200BEE0B4 /* AppDelegate.swift */; };
		700AB7512802B1D300BEE0B4 /* Assets.xcassets in Resources */ = {isa = PBXBuildFile; fileRef = 700AB7502802B1D300BEE0B4 /* Assets.xcassets */; };
		700AB7542802B1D300BEE0B4 /* Preview Assets.xcassets in Resources */ = {isa = PBXBuildFile; fileRef = 700AB7532802B1D300BEE0B4 /* Preview Assets.xcassets */; };
		700AB75E2802B1D400BEE0B4 /* AR_ADHDTests.swift in Sources */ = {isa = PBXBuildFile; fileRef = 700AB75D2802B1D400BEE0B4 /* AR_ADHDTests.swift */; };
		700AB7682802B1D400BEE0B4 /* AR_ADHDUITests.swift in Sources */ = {isa = PBXBuildFile; fileRef = 700AB7672802B1D400BEE0B4 /* AR_ADHDUITests.swift */; };
		700AB76A2802B1D400BEE0B4 /* AR_ADHDUITestsLaunchTests.swift in Sources */ = {isa = PBXBuildFile; fileRef = 700AB7692802B1D400BEE0B4 /* AR_ADHDUITestsLaunchTests.swift */; };
		702937E3282A482200CB0BA6 /* MainView.swift in Sources */ = {isa = PBXBuildFile; fileRef = 702937E2282A482200CB0BA6 /* MainView.swift */; };
		702937E5282A506300CB0BA6 /* SectionItemView.swift in Sources */ = {isa = PBXBuildFile; fileRef = 702937E4282A506300CB0BA6 /* SectionItemView.swift */; };
		702937E7282A542B00CB0BA6 /* NavigationBar.swift in Sources */ = {isa = PBXBuildFile; fileRef = 702937E6282A542B00CB0BA6 /* NavigationBar.swift */; };
		702937E9282A6DC800CB0BA6 /* GameSelection.swift in Sources */ = {isa = PBXBuildFile; fileRef = 702937E8282A6DC800CB0BA6 /* GameSelection.swift */; };
		7034906C2823A03000499E93 /* GameDifficulty.swift in Sources */ = {isa = PBXBuildFile; fileRef = 7034906B2823A03000499E93 /* GameDifficulty.swift */; };
		7034906E2823A52600499E93 /* GameSelectorView.swift in Sources */ = {isa = PBXBuildFile; fileRef = 7034906D2823A52600499E93 /* GameSelectorView.swift */; };
		7047CFE9282E31BB00C68DAC /* ContentView.swift in Sources */ = {isa = PBXBuildFile; fileRef = 700AB74C2802B1D200BEE0B4 /* ContentView.swift */; };
		70643E0128111C06007AF582 /* AnswerRow.swift in Sources */ = {isa = PBXBuildFile; fileRef = 70643E0028111C06007AF582 /* AnswerRow.swift */; };
		70643E0328111C46007AF582 /* Answer.swift in Sources */ = {isa = PBXBuildFile; fileRef = 70643E0228111C46007AF582 /* Answer.swift */; };
		70643E0528112F78007AF582 /* RatingScaleView.swift in Sources */ = {isa = PBXBuildFile; fileRef = 70643E0428112F78007AF582 /* RatingScaleView.swift */; };
		70643E0A28113ACF007AF582 /* ScaleQuestion.swift in Sources */ = {isa = PBXBuildFile; fileRef = 70643E0928113ACF007AF582 /* ScaleQuestion.swift */; };
		70643E15281144D5007AF582 /* QuestionADHD+CoreDataClass.swift in Sources */ = {isa = PBXBuildFile; fileRef = 70643E13281144D5007AF582 /* QuestionADHD+CoreDataClass.swift */; };
		70643E182811498E007AF582 /* DataController.swift in Sources */ = {isa = PBXBuildFile; fileRef = 70643E172811498E007AF582 /* DataController.swift */; };
		70646D712827818300E888CF /* HistoryScoreView.swift in Sources */ = {isa = PBXBuildFile; fileRef = 70646D702827818300E888CF /* HistoryScoreView.swift */; };
		707090FA281A5B5900B6C34C /* model_8.usdz in Resources */ = {isa = PBXBuildFile; fileRef = 707090F9281A5B5900B6C34C /* model_8.usdz */; };
		707090FD281A5B7000B6C34C /* model_9.usdz in Resources */ = {isa = PBXBuildFile; fileRef = 707090FB281A5B7000B6C34C /* model_9.usdz */; };
		707090FE281A5B7000B6C34C /* model_10.usdz in Resources */ = {isa = PBXBuildFile; fileRef = 707090FC281A5B7000B6C34C /* model_10.usdz */; };
		70709101281A5B7800B6C34C /* model_4.usdz in Resources */ = {isa = PBXBuildFile; fileRef = 707090FF281A5B7800B6C34C /* model_4.usdz */; };
		70709102281A5B7800B6C34C /* model_5.usdz in Resources */ = {isa = PBXBuildFile; fileRef = 70709100281A5B7800B6C34C /* model_5.usdz */; };
		70709105281A5B8000B6C34C /* model_6.usdz in Resources */ = {isa = PBXBuildFile; fileRef = 70709103281A5B8000B6C34C /* model_6.usdz */; };
		70709106281A5B8000B6C34C /* model_11.usdz in Resources */ = {isa = PBXBuildFile; fileRef = 70709104281A5B8000B6C34C /* model_11.usdz */; };
		70709109281A5B8600B6C34C /* model_3.usdz in Resources */ = {isa = PBXBuildFile; fileRef = 70709107281A5B8600B6C34C /* model_3.usdz */; };
		7070910D281A5B8D00B6C34C /* model_2.usdz in Resources */ = {isa = PBXBuildFile; fileRef = 7070910B281A5B8D00B6C34C /* model_2.usdz */; };
		7070910E281A5B8D00B6C34C /* model_1.usdz in Resources */ = {isa = PBXBuildFile; fileRef = 7070910C281A5B8D00B6C34C /* model_1.usdz */; };
		70709110281A5C9400B6C34C /* model_7.usdz in Resources */ = {isa = PBXBuildFile; fileRef = 7070910F281A5C9400B6C34C /* model_7.usdz */; };
		70709112281A73F900B6C34C /* GameResultView.swift in Sources */ = {isa = PBXBuildFile; fileRef = 70709111281A73F900B6C34C /* GameResultView.swift */; };
		70709116281ABF1600B6C34C /* GameCelebrate.rcproject in Sources */ = {isa = PBXBuildFile; fileRef = 70709115281ABF1600B6C34C /* GameCelebrate.rcproject */; };
		707AC999282D44A0004610D1 /* IntroductionView.swift in Sources */ = {isa = PBXBuildFile; fileRef = 707AC998282D44A0004610D1 /* IntroductionView.swift */; };
		707AC99B282D452E004610D1 /* IntroductionItem.swift in Sources */ = {isa = PBXBuildFile; fileRef = 707AC99A282D452E004610D1 /* IntroductionItem.swift */; };
		709A1EE7282BA90200D7F6CD /* GameLevel.swift in Sources */ = {isa = PBXBuildFile; fileRef = 709A1EE6282BA90200D7F6CD /* GameLevel.swift */; };
		70A041782814045000CBC8D6 /* QuestionToScale.swift in Sources */ = {isa = PBXBuildFile; fileRef = 70A041772814045000CBC8D6 /* QuestionToScale.swift */; };
		70A64A98282914D200128F69 /* Styles.swift in Sources */ = {isa = PBXBuildFile; fileRef = 70A64A97282914D200128F69 /* Styles.swift */; };
		70A64A9A2829201300128F69 /* TabBar.swift in Sources */ = {isa = PBXBuildFile; fileRef = 70A64A992829201300128F69 /* TabBar.swift */; };
		70A64A9C282925A500128F69 /* Tab.swift in Sources */ = {isa = PBXBuildFile; fileRef = 70A64A9B282925A500128F69 /* Tab.swift */; };
		70B943E5281CFCD200A6B351 /* ADHDModel.xcdatamodeld in Sources */ = {isa = PBXBuildFile; fileRef = 70B943E3281CFCD200A6B351 /* ADHDModel.xcdatamodeld */; };
		70D21F0C28167431005CF110 /* ScaleResultView.swift in Sources */ = {isa = PBXBuildFile; fileRef = 70D21F0B28167431005CF110 /* ScaleResultView.swift */; };
		70D3292B280FD30E005C23FE /* PrimaryButton.swift in Sources */ = {isa = PBXBuildFile; fileRef = 70D3292A280FD30E005C23FE /* PrimaryButton.swift */; };
		70D3292E280FD463005C23FE /* MenuView.swift in Sources */ = {isa = PBXBuildFile; fileRef = 70D3292D280FD463005C23FE /* MenuView.swift */; };
		70D32930280FE083005C23FE /* Extensions.swift in Sources */ = {isa = PBXBuildFile; fileRef = 70D3292F280FE083005C23FE /* Extensions.swift */; };
		70D32932280FE259005C23FE /* QuestionView.swift in Sources */ = {isa = PBXBuildFile; fileRef = 70D32931280FE259005C23FE /* QuestionView.swift */; };
		70D32934280FE33B005C23FE /* ProgressBar.swift in Sources */ = {isa = PBXBuildFile; fileRef = 70D32933280FE33B005C23FE /* ProgressBar.swift */; };
		70E09257282CE3C90039C58E /* MatchedView.swift in Sources */ = {isa = PBXBuildFile; fileRef = 70E09256282CE3C90039C58E /* MatchedView.swift */; };
		70F91ADE2826500600B95C3B /* ScaleResultViewModel.swift in Sources */ = {isa = PBXBuildFile; fileRef = 70F91ADD2826500600B95C3B /* ScaleResultViewModel.swift */; };
/* End PBXBuildFile section */

/* Begin PBXContainerItemProxy section */
		700AB75A2802B1D400BEE0B4 /* PBXContainerItemProxy */ = {
			isa = PBXContainerItemProxy;
			containerPortal = 700AB73F2802B1D200BEE0B4 /* Project object */;
			proxyType = 1;
			remoteGlobalIDString = 700AB7462802B1D200BEE0B4;
			remoteInfo = "AR ADHD";
		};
		700AB7642802B1D400BEE0B4 /* PBXContainerItemProxy */ = {
			isa = PBXContainerItemProxy;
			containerPortal = 700AB73F2802B1D200BEE0B4 /* Project object */;
			proxyType = 1;
			remoteGlobalIDString = 700AB7462802B1D200BEE0B4;
			remoteInfo = "AR ADHD";
		};
/* End PBXContainerItemProxy section */

/* Begin PBXFileReference section */
		700645B2282BA13D001B7673 /* SlideSelector.swift */ = {isa = PBXFileReference; lastKnownFileType = sourcecode.swift; path = SlideSelector.swift; sourceTree = "<group>"; };
		700AB7472802B1D200BEE0B4 /* AR ADHD.app */ = {isa = PBXFileReference; explicitFileType = wrapper.application; includeInIndex = 0; path = "AR ADHD.app"; sourceTree = BUILT_PRODUCTS_DIR; };
		700AB74A2802B1D200BEE0B4 /* AppDelegate.swift */ = {isa = PBXFileReference; lastKnownFileType = sourcecode.swift; path = AppDelegate.swift; sourceTree = "<group>"; };
		700AB74C2802B1D200BEE0B4 /* ContentView.swift */ = {isa = PBXFileReference; lastKnownFileType = sourcecode.swift; path = ContentView.swift; sourceTree = "<group>"; };
		700AB7502802B1D300BEE0B4 /* Assets.xcassets */ = {isa = PBXFileReference; lastKnownFileType = folder.assetcatalog; path = Assets.xcassets; sourceTree = "<group>"; };
		700AB7532802B1D300BEE0B4 /* Preview Assets.xcassets */ = {isa = PBXFileReference; lastKnownFileType = folder.assetcatalog; path = "Preview Assets.xcassets"; sourceTree = "<group>"; };
		700AB7592802B1D400BEE0B4 /* AR ADHDTests.xctest */ = {isa = PBXFileReference; explicitFileType = wrapper.cfbundle; includeInIndex = 0; path = "AR ADHDTests.xctest"; sourceTree = BUILT_PRODUCTS_DIR; };
		700AB75D2802B1D400BEE0B4 /* AR_ADHDTests.swift */ = {isa = PBXFileReference; lastKnownFileType = sourcecode.swift; path = AR_ADHDTests.swift; sourceTree = "<group>"; };
		700AB7632802B1D400BEE0B4 /* AR ADHDUITests.xctest */ = {isa = PBXFileReference; explicitFileType = wrapper.cfbundle; includeInIndex = 0; path = "AR ADHDUITests.xctest"; sourceTree = BUILT_PRODUCTS_DIR; };
		700AB7672802B1D400BEE0B4 /* AR_ADHDUITests.swift */ = {isa = PBXFileReference; lastKnownFileType = sourcecode.swift; path = AR_ADHDUITests.swift; sourceTree = "<group>"; };
		700AB7692802B1D400BEE0B4 /* AR_ADHDUITestsLaunchTests.swift */ = {isa = PBXFileReference; lastKnownFileType = sourcecode.swift; path = AR_ADHDUITestsLaunchTests.swift; sourceTree = "<group>"; };
		702937E2282A482200CB0BA6 /* MainView.swift */ = {isa = PBXFileReference; lastKnownFileType = sourcecode.swift; path = MainView.swift; sourceTree = "<group>"; };
		702937E4282A506300CB0BA6 /* SectionItemView.swift */ = {isa = PBXFileReference; lastKnownFileType = sourcecode.swift; path = SectionItemView.swift; sourceTree = "<group>"; };
		702937E6282A542B00CB0BA6 /* NavigationBar.swift */ = {isa = PBXFileReference; lastKnownFileType = sourcecode.swift; path = NavigationBar.swift; sourceTree = "<group>"; };
		702937E8282A6DC800CB0BA6 /* GameSelection.swift */ = {isa = PBXFileReference; lastKnownFileType = sourcecode.swift; path = GameSelection.swift; sourceTree = "<group>"; };
		7034906B2823A03000499E93 /* GameDifficulty.swift */ = {isa = PBXFileReference; lastKnownFileType = sourcecode.swift; path = GameDifficulty.swift; sourceTree = "<group>"; };
		7034906D2823A52600499E93 /* GameSelectorView.swift */ = {isa = PBXFileReference; lastKnownFileType = sourcecode.swift; path = GameSelectorView.swift; sourceTree = "<group>"; };
		705BA5E8280D72C700CCADBA /* ARGameViewModel.swift */ = {isa = PBXFileReference; lastKnownFileType = sourcecode.swift; path = ARGameViewModel.swift; sourceTree = "<group>"; };
		70643E0028111C06007AF582 /* AnswerRow.swift */ = {isa = PBXFileReference; lastKnownFileType = sourcecode.swift; path = AnswerRow.swift; sourceTree = "<group>"; };
		70643E0228111C46007AF582 /* Answer.swift */ = {isa = PBXFileReference; lastKnownFileType = sourcecode.swift; path = Answer.swift; sourceTree = "<group>"; };
		70643E0428112F78007AF582 /* RatingScaleView.swift */ = {isa = PBXFileReference; lastKnownFileType = sourcecode.swift; path = RatingScaleView.swift; sourceTree = "<group>"; };
		70643E0928113ACF007AF582 /* ScaleQuestion.swift */ = {isa = PBXFileReference; lastKnownFileType = sourcecode.swift; path = ScaleQuestion.swift; sourceTree = "<group>"; };
		70643E13281144D5007AF582 /* QuestionADHD+CoreDataClass.swift */ = {isa = PBXFileReference; lastKnownFileType = sourcecode.swift; path = "QuestionADHD+CoreDataClass.swift"; sourceTree = "<group>"; };
		70643E172811498E007AF582 /* DataController.swift */ = {isa = PBXFileReference; lastKnownFileType = sourcecode.swift; path = DataController.swift; sourceTree = "<group>"; };
		70646D702827818300E888CF /* HistoryScoreView.swift */ = {isa = PBXFileReference; lastKnownFileType = sourcecode.swift; path = HistoryScoreView.swift; sourceTree = "<group>"; };
		707090F9281A5B5900B6C34C /* model_8.usdz */ = {isa = PBXFileReference; lastKnownFileType = file.usdz; path = model_8.usdz; sourceTree = "<group>"; };
		707090FB281A5B7000B6C34C /* model_9.usdz */ = {isa = PBXFileReference; lastKnownFileType = file.usdz; path = model_9.usdz; sourceTree = "<group>"; };
		707090FC281A5B7000B6C34C /* model_10.usdz */ = {isa = PBXFileReference; lastKnownFileType = file.usdz; path = model_10.usdz; sourceTree = "<group>"; };
		707090FF281A5B7800B6C34C /* model_4.usdz */ = {isa = PBXFileReference; lastKnownFileType = file.usdz; path = model_4.usdz; sourceTree = "<group>"; };
		70709100281A5B7800B6C34C /* model_5.usdz */ = {isa = PBXFileReference; lastKnownFileType = file.usdz; path = model_5.usdz; sourceTree = "<group>"; };
		70709103281A5B8000B6C34C /* model_6.usdz */ = {isa = PBXFileReference; lastKnownFileType = file.usdz; path = model_6.usdz; sourceTree = "<group>"; };
		70709104281A5B8000B6C34C /* model_11.usdz */ = {isa = PBXFileReference; lastKnownFileType = file.usdz; path = model_11.usdz; sourceTree = "<group>"; };
		70709107281A5B8600B6C34C /* model_3.usdz */ = {isa = PBXFileReference; lastKnownFileType = file.usdz; path = model_3.usdz; sourceTree = "<group>"; };
		7070910B281A5B8D00B6C34C /* model_2.usdz */ = {isa = PBXFileReference; lastKnownFileType = file.usdz; path = model_2.usdz; sourceTree = "<group>"; };
		7070910C281A5B8D00B6C34C /* model_1.usdz */ = {isa = PBXFileReference; lastKnownFileType = file.usdz; path = model_1.usdz; sourceTree = "<group>"; };
		7070910F281A5C9400B6C34C /* model_7.usdz */ = {isa = PBXFileReference; lastKnownFileType = file.usdz; path = model_7.usdz; sourceTree = "<group>"; };
		70709111281A73F900B6C34C /* GameResultView.swift */ = {isa = PBXFileReference; lastKnownFileType = sourcecode.swift; path = GameResultView.swift; sourceTree = "<group>"; };
		70709115281ABF1600B6C34C /* GameCelebrate.rcproject */ = {isa = PBXFileReference; lastKnownFileType = file.rcproject; name = GameCelebrate.rcproject; path = ../../../GameCelebrate.rcproject; sourceTree = "<group>"; };
		707AC998282D44A0004610D1 /* IntroductionView.swift */ = {isa = PBXFileReference; lastKnownFileType = sourcecode.swift; path = IntroductionView.swift; sourceTree = "<group>"; };
		707AC99A282D452E004610D1 /* IntroductionItem.swift */ = {isa = PBXFileReference; lastKnownFileType = sourcecode.swift; path = IntroductionItem.swift; sourceTree = "<group>"; };
		709A1EE6282BA90200D7F6CD /* GameLevel.swift */ = {isa = PBXFileReference; lastKnownFileType = sourcecode.swift; path = GameLevel.swift; sourceTree = "<group>"; };
		70A041772814045000CBC8D6 /* QuestionToScale.swift */ = {isa = PBXFileReference; lastKnownFileType = sourcecode.swift; path = QuestionToScale.swift; sourceTree = "<group>"; };
		70A64A97282914D200128F69 /* Styles.swift */ = {isa = PBXFileReference; lastKnownFileType = sourcecode.swift; path = Styles.swift; sourceTree = "<group>"; };
		70A64A992829201300128F69 /* TabBar.swift */ = {isa = PBXFileReference; lastKnownFileType = sourcecode.swift; path = TabBar.swift; sourceTree = "<group>"; };
		70A64A9B282925A500128F69 /* Tab.swift */ = {isa = PBXFileReference; lastKnownFileType = sourcecode.swift; path = Tab.swift; sourceTree = "<group>"; };
		70B943E4281CFCD200A6B351 /* ADHDModel.xcdatamodel */ = {isa = PBXFileReference; lastKnownFileType = wrapper.xcdatamodel; path = ADHDModel.xcdatamodel; sourceTree = "<group>"; };
		70D21F0B28167431005CF110 /* ScaleResultView.swift */ = {isa = PBXFileReference; lastKnownFileType = sourcecode.swift; path = ScaleResultView.swift; sourceTree = "<group>"; };
		70D3292A280FD30E005C23FE /* PrimaryButton.swift */ = {isa = PBXFileReference; lastKnownFileType = sourcecode.swift; path = PrimaryButton.swift; sourceTree = "<group>"; };
		70D3292D280FD463005C23FE /* MenuView.swift */ = {isa = PBXFileReference; lastKnownFileType = sourcecode.swift; path = MenuView.swift; sourceTree = "<group>"; };
		70D3292F280FE083005C23FE /* Extensions.swift */ = {isa = PBXFileReference; lastKnownFileType = sourcecode.swift; path = Extensions.swift; sourceTree = "<group>"; };
		70D32931280FE259005C23FE /* QuestionView.swift */ = {isa = PBXFileReference; lastKnownFileType = sourcecode.swift; path = QuestionView.swift; sourceTree = "<group>"; };
		70D32933280FE33B005C23FE /* ProgressBar.swift */ = {isa = PBXFileReference; lastKnownFileType = sourcecode.swift; path = ProgressBar.swift; sourceTree = "<group>"; };
		70E09256282CE3C90039C58E /* MatchedView.swift */ = {isa = PBXFileReference; lastKnownFileType = sourcecode.swift; path = MatchedView.swift; sourceTree = "<group>"; };
		70F91ADD2826500600B95C3B /* ScaleResultViewModel.swift */ = {isa = PBXFileReference; lastKnownFileType = sourcecode.swift; path = ScaleResultViewModel.swift; sourceTree = "<group>"; };
/* End PBXFileReference section */

/* Begin PBXFrameworksBuildPhase section */
		700AB7442802B1D200BEE0B4 /* Frameworks */ = {
			isa = PBXFrameworksBuildPhase;
			buildActionMask = 2147483647;
			files = (
			);
			runOnlyForDeploymentPostprocessing = 0;
		};
		700AB7562802B1D400BEE0B4 /* Frameworks */ = {
			isa = PBXFrameworksBuildPhase;
			buildActionMask = 2147483647;
			files = (
			);
			runOnlyForDeploymentPostprocessing = 0;
		};
		700AB7602802B1D400BEE0B4 /* Frameworks */ = {
			isa = PBXFrameworksBuildPhase;
			buildActionMask = 2147483647;
			files = (
			);
			runOnlyForDeploymentPostprocessing = 0;
		};
/* End PBXFrameworksBuildPhase section */

/* Begin PBXGroup section */
		700AB73E2802B1D200BEE0B4 = {
			isa = PBXGroup;
			children = (
				70643E13281144D5007AF582 /* QuestionADHD+CoreDataClass.swift */,
				70643E172811498E007AF582 /* DataController.swift */,
				700AB7492802B1D200BEE0B4 /* AR ADHD */,
				700AB75C2802B1D400BEE0B4 /* AR ADHDTests */,
				700AB7662802B1D400BEE0B4 /* AR ADHDUITests */,
				700AB7482802B1D200BEE0B4 /* Products */,
			);
			sourceTree = "<group>";
		};
		700AB7482802B1D200BEE0B4 /* Products */ = {
			isa = PBXGroup;
			children = (
				700AB7472802B1D200BEE0B4 /* AR ADHD.app */,
				700AB7592802B1D400BEE0B4 /* AR ADHDTests.xctest */,
				700AB7632802B1D400BEE0B4 /* AR ADHDUITests.xctest */,
			);
			name = Products;
			sourceTree = "<group>";
		};
		700AB7492802B1D200BEE0B4 /* AR ADHD */ = {
			isa = PBXGroup;
			children = (
				700AB74A2802B1D200BEE0B4 /* AppDelegate.swift */,
				70D3292F280FE083005C23FE /* Extensions.swift */,
				70709115281ABF1600B6C34C /* GameCelebrate.rcproject */,
				70B943E3281CFCD200A6B351 /* ADHDModel.xcdatamodeld */,
				70D32936280FE875005C23FE /* ViewModel */,
				70D3292C280FD3F9005C23FE /* View */,
				700AB7502802B1D300BEE0B4 /* Assets.xcassets */,
				7070910C281A5B8D00B6C34C /* model_1.usdz */,
				7070910B281A5B8D00B6C34C /* model_2.usdz */,
				70709107281A5B8600B6C34C /* model_3.usdz */,
				707090FF281A5B7800B6C34C /* model_4.usdz */,
				70709103281A5B8000B6C34C /* model_6.usdz */,
				7070910F281A5C9400B6C34C /* model_7.usdz */,
				707090F9281A5B5900B6C34C /* model_8.usdz */,
				707090FB281A5B7000B6C34C /* model_9.usdz */,
				707090FC281A5B7000B6C34C /* model_10.usdz */,
				70709104281A5B8000B6C34C /* model_11.usdz */,
				70709100281A5B7800B6C34C /* model_5.usdz */,
				700AB7522802B1D300BEE0B4 /* Preview Content */,
			);
			path = "AR ADHD";
			sourceTree = "<group>";
		};
		700AB7522802B1D300BEE0B4 /* Preview Content */ = {
			isa = PBXGroup;
			children = (
				700AB7532802B1D300BEE0B4 /* Preview Assets.xcassets */,
			);
			path = "Preview Content";
			sourceTree = "<group>";
		};
		700AB75C2802B1D400BEE0B4 /* AR ADHDTests */ = {
			isa = PBXGroup;
			children = (
				700AB75D2802B1D400BEE0B4 /* AR_ADHDTests.swift */,
			);
			path = "AR ADHDTests";
			sourceTree = "<group>";
		};
		700AB7662802B1D400BEE0B4 /* AR ADHDUITests */ = {
			isa = PBXGroup;
			children = (
				700AB7672802B1D400BEE0B4 /* AR_ADHDUITests.swift */,
				700AB7692802B1D400BEE0B4 /* AR_ADHDUITestsLaunchTests.swift */,
			);
			path = "AR ADHDUITests";
			sourceTree = "<group>";
		};
		7047CFE7282E315B00C68DAC /* ADHD Scale */ = {
			isa = PBXGroup;
			children = (
				70D32931280FE259005C23FE /* QuestionView.swift */,
				70D21F0B28167431005CF110 /* ScaleResultView.swift */,
				70643E0428112F78007AF582 /* RatingScaleView.swift */,
			);
			path = "ADHD Scale";
			sourceTree = "<group>";
		};
		7047CFE8282E31A800C68DAC /* AR Game */ = {
			isa = PBXGroup;
			children = (
				700AB74C2802B1D200BEE0B4 /* ContentView.swift */,
				7034906D2823A52600499E93 /* GameSelectorView.swift */,
				70709111281A73F900B6C34C /* GameResultView.swift */,
				70646D702827818300E888CF /* HistoryScoreView.swift */,
			);
			path = "AR Game";
			sourceTree = "<group>";
		};
		70D3292C280FD3F9005C23FE /* View */ = {
			isa = PBXGroup;
			children = (
				70D3292D280FD463005C23FE /* MenuView.swift */,
				702937E4282A506300CB0BA6 /* SectionItemView.swift */,
				702937E2282A482200CB0BA6 /* MainView.swift */,
				70E09256282CE3C90039C58E /* MatchedView.swift */,
				707AC998282D44A0004610D1 /* IntroductionView.swift */,
				707AC99A282D452E004610D1 /* IntroductionItem.swift */,
				7047CFE8282E31A800C68DAC /* AR Game */,
				7047CFE7282E315B00C68DAC /* ADHD Scale */,
				70D32935280FE84E005C23FE /* Components */,
			);
			path = View;
			sourceTree = "<group>";
		};
		70D32935280FE84E005C23FE /* Components */ = {
			isa = PBXGroup;
			children = (
				709A1EE6282BA90200D7F6CD /* GameLevel.swift */,
				702937E6282A542B00CB0BA6 /* NavigationBar.swift */,
				702937E8282A6DC800CB0BA6 /* GameSelection.swift */,
				700645B2282BA13D001B7673 /* SlideSelector.swift */,
				70A64A97282914D200128F69 /* Styles.swift */,
				70D3292A280FD30E005C23FE /* PrimaryButton.swift */,
				70D32933280FE33B005C23FE /* ProgressBar.swift */,
				70A64A9B282925A500128F69 /* Tab.swift */,
				70A64A992829201300128F69 /* TabBar.swift */,
				70643E0028111C06007AF582 /* AnswerRow.swift */,
			);
			path = Components;
			sourceTree = "<group>";
		};
		70D32936280FE875005C23FE /* ViewModel */ = {
			isa = PBXGroup;
			children = (
				705BA5E8280D72C700CCADBA /* ARGameViewModel.swift */,
				70F91ADD2826500600B95C3B /* ScaleResultViewModel.swift */,
				7034906B2823A03000499E93 /* GameDifficulty.swift */,
				70643E0228111C46007AF582 /* Answer.swift */,
				70A041772814045000CBC8D6 /* QuestionToScale.swift */,
				70643E0928113ACF007AF582 /* ScaleQuestion.swift */,
			);
			path = ViewModel;
			sourceTree = "<group>";
		};
/* End PBXGroup section */

/* Begin PBXNativeTarget section */
		700AB7462802B1D200BEE0B4 /* AR ADHD */ = {
			isa = PBXNativeTarget;
			buildConfigurationList = 700AB76D2802B1D400BEE0B4 /* Build configuration list for PBXNativeTarget "AR ADHD" */;
			buildPhases = (
				700AB7432802B1D200BEE0B4 /* Sources */,
				700AB7442802B1D200BEE0B4 /* Frameworks */,
				700AB7452802B1D200BEE0B4 /* Resources */,
			);
			buildRules = (
			);
			dependencies = (
			);
			name = "AR ADHD";
			productName = "AR ADHD";
			productReference = 700AB7472802B1D200BEE0B4 /* AR ADHD.app */;
			productType = "com.apple.product-type.application";
		};
		700AB7582802B1D400BEE0B4 /* AR ADHDTests */ = {
			isa = PBXNativeTarget;
			buildConfigurationList = 700AB7702802B1D400BEE0B4 /* Build configuration list for PBXNativeTarget "AR ADHDTests" */;
			buildPhases = (
				700AB7552802B1D400BEE0B4 /* Sources */,
				700AB7562802B1D400BEE0B4 /* Frameworks */,
				700AB7572802B1D400BEE0B4 /* Resources */,
			);
			buildRules = (
			);
			dependencies = (
				700AB75B2802B1D400BEE0B4 /* PBXTargetDependency */,
			);
			name = "AR ADHDTests";
			productName = "AR ADHDTests";
			productReference = 700AB7592802B1D400BEE0B4 /* AR ADHDTests.xctest */;
			productType = "com.apple.product-type.bundle.unit-test";
		};
		700AB7622802B1D400BEE0B4 /* AR ADHDUITests */ = {
			isa = PBXNativeTarget;
			buildConfigurationList = 700AB7732802B1D400BEE0B4 /* Build configuration list for PBXNativeTarget "AR ADHDUITests" */;
			buildPhases = (
				700AB75F2802B1D400BEE0B4 /* Sources */,
				700AB7602802B1D400BEE0B4 /* Frameworks */,
				700AB7612802B1D400BEE0B4 /* Resources */,
			);
			buildRules = (
			);
			dependencies = (
				700AB7652802B1D400BEE0B4 /* PBXTargetDependency */,
			);
			name = "AR ADHDUITests";
			productName = "AR ADHDUITests";
			productReference = 700AB7632802B1D400BEE0B4 /* AR ADHDUITests.xctest */;
			productType = "com.apple.product-type.bundle.ui-testing";
		};
/* End PBXNativeTarget section */

/* Begin PBXProject section */
		700AB73F2802B1D200BEE0B4 /* Project object */ = {
			isa = PBXProject;
			attributes = {
				BuildIndependentTargetsInParallel = 1;
				LastSwiftUpdateCheck = 1320;
				LastUpgradeCheck = 1320;
				TargetAttributes = {
					700AB7462802B1D200BEE0B4 = {
						CreatedOnToolsVersion = 13.2.1;
					};
					700AB7582802B1D400BEE0B4 = {
						CreatedOnToolsVersion = 13.2.1;
						TestTargetID = 700AB7462802B1D200BEE0B4;
					};
					700AB7622802B1D400BEE0B4 = {
						CreatedOnToolsVersion = 13.2.1;
						TestTargetID = 700AB7462802B1D200BEE0B4;
					};
				};
			};
			buildConfigurationList = 700AB7422802B1D200BEE0B4 /* Build configuration list for PBXProject "AR ADHD" */;
			compatibilityVersion = "Xcode 13.0";
			developmentRegion = en;
			hasScannedForEncodings = 0;
			knownRegions = (
				en,
				Base,
			);
			mainGroup = 700AB73E2802B1D200BEE0B4;
			productRefGroup = 700AB7482802B1D200BEE0B4 /* Products */;
			projectDirPath = "";
			projectRoot = "";
			targets = (
				700AB7462802B1D200BEE0B4 /* AR ADHD */,
				700AB7582802B1D400BEE0B4 /* AR ADHDTests */,
				700AB7622802B1D400BEE0B4 /* AR ADHDUITests */,
			);
		};
/* End PBXProject section */

/* Begin PBXResourcesBuildPhase section */
		700AB7452802B1D200BEE0B4 /* Resources */ = {
			isa = PBXResourcesBuildPhase;
			buildActionMask = 2147483647;
			files = (
				7070910D281A5B8D00B6C34C /* model_2.usdz in Resources */,
				7070910E281A5B8D00B6C34C /* model_1.usdz in Resources */,
				70709101281A5B7800B6C34C /* model_4.usdz in Resources */,
				70709105281A5B8000B6C34C /* model_6.usdz in Resources */,
				70709110281A5C9400B6C34C /* model_7.usdz in Resources */,
				70709102281A5B7800B6C34C /* model_5.usdz in Resources */,
				70709106281A5B8000B6C34C /* model_11.usdz in Resources */,
				707090FA281A5B5900B6C34C /* model_8.usdz in Resources */,
				707090FD281A5B7000B6C34C /* model_9.usdz in Resources */,
				707090FE281A5B7000B6C34C /* model_10.usdz in Resources */,
				70709109281A5B8600B6C34C /* model_3.usdz in Resources */,
				700AB7542802B1D300BEE0B4 /* Preview Assets.xcassets in Resources */,
				700AB7512802B1D300BEE0B4 /* Assets.xcassets in Resources */,
			);
			runOnlyForDeploymentPostprocessing = 0;
		};
		700AB7572802B1D400BEE0B4 /* Resources */ = {
			isa = PBXResourcesBuildPhase;
			buildActionMask = 2147483647;
			files = (
			);
			runOnlyForDeploymentPostprocessing = 0;
		};
		700AB7612802B1D400BEE0B4 /* Resources */ = {
			isa = PBXResourcesBuildPhase;
			buildActionMask = 2147483647;
			files = (
			);
			runOnlyForDeploymentPostprocessing = 0;
		};
/* End PBXResourcesBuildPhase section */

/* Begin PBXSourcesBuildPhase section */
		700AB7432802B1D200BEE0B4 /* Sources */ = {
			isa = PBXSourcesBuildPhase;
			buildActionMask = 2147483647;
			files = (
				70B943E5281CFCD200A6B351 /* ADHDModel.xcdatamodeld in Sources */,
				702937E5282A506300CB0BA6 /* SectionItemView.swift in Sources */,
				70D3292E280FD463005C23FE /* MenuView.swift in Sources */,
				70A041782814045000CBC8D6 /* QuestionToScale.swift in Sources */,
				70A64A9C282925A500128F69 /* Tab.swift in Sources */,
				7034906E2823A52600499E93 /* GameSelectorView.swift in Sources */,
				70F91ADE2826500600B95C3B /* ScaleResultViewModel.swift in Sources */,
				70D21F0C28167431005CF110 /* ScaleResultView.swift in Sources */,
				7034906C2823A03000499E93 /* GameDifficulty.swift in Sources */,
				70643E0128111C06007AF582 /* AnswerRow.swift in Sources */,
				70643E0528112F78007AF582 /* RatingScaleView.swift in Sources */,
				70D32930280FE083005C23FE /* Extensions.swift in Sources */,
				700645B3282BA13D001B7673 /* SlideSelector.swift in Sources */,
				70D32932280FE259005C23FE /* QuestionView.swift in Sources */,
				707AC999282D44A0004610D1 /* IntroductionView.swift in Sources */,
				70A64A98282914D200128F69 /* Styles.swift in Sources */,
				702937E3282A482200CB0BA6 /* MainView.swift in Sources */,
				70646D712827818300E888CF /* HistoryScoreView.swift in Sources */,
				70D32934280FE33B005C23FE /* ProgressBar.swift in Sources */,
				70643E0A28113ACF007AF582 /* ScaleQuestion.swift in Sources */,
				70643E0328111C46007AF582 /* Answer.swift in Sources */,
				70643E182811498E007AF582 /* DataController.swift in Sources */,
				70D3292B280FD30E005C23FE /* PrimaryButton.swift in Sources */,
				709A1EE7282BA90200D7F6CD /* GameLevel.swift in Sources */,
				7047CFE9282E31BB00C68DAC /* ContentView.swift in Sources */,
				700AB74B2802B1D200BEE0B4 /* AppDelegate.swift in Sources */,
				70643E15281144D5007AF582 /* QuestionADHD+CoreDataClass.swift in Sources */,
				702937E7282A542B00CB0BA6 /* NavigationBar.swift in Sources */,
				70709116281ABF1600B6C34C /* GameCelebrate.rcproject in Sources */,
				70709112281A73F900B6C34C /* GameResultView.swift in Sources */,
				707AC99B282D452E004610D1 /* IntroductionItem.swift in Sources */,
				702937E9282A6DC800CB0BA6 /* GameSelection.swift in Sources */,
				70E09257282CE3C90039C58E /* MatchedView.swift in Sources */,
				70A64A9A2829201300128F69 /* TabBar.swift in Sources */,
			);
			runOnlyForDeploymentPostprocessing = 0;
		};
		700AB7552802B1D400BEE0B4 /* Sources */ = {
			isa = PBXSourcesBuildPhase;
			buildActionMask = 2147483647;
			files = (
				700AB75E2802B1D400BEE0B4 /* AR_ADHDTests.swift in Sources */,
			);
			runOnlyForDeploymentPostprocessing = 0;
		};
		700AB75F2802B1D400BEE0B4 /* Sources */ = {
			isa = PBXSourcesBuildPhase;
			buildActionMask = 2147483647;
			files = (
				700AB76A2802B1D400BEE0B4 /* AR_ADHDUITestsLaunchTests.swift in Sources */,
				700AB7682802B1D400BEE0B4 /* AR_ADHDUITests.swift in Sources */,
			);
			runOnlyForDeploymentPostprocessing = 0;
		};
/* End PBXSourcesBuildPhase section */

/* Begin PBXTargetDependency section */
		700AB75B2802B1D400BEE0B4 /* PBXTargetDependency */ = {
			isa = PBXTargetDependency;
			target = 700AB7462802B1D200BEE0B4 /* AR ADHD */;
			targetProxy = 700AB75A2802B1D400BEE0B4 /* PBXContainerItemProxy */;
		};
		700AB7652802B1D400BEE0B4 /* PBXTargetDependency */ = {
			isa = PBXTargetDependency;
			target = 700AB7462802B1D200BEE0B4 /* AR ADHD */;
			targetProxy = 700AB7642802B1D400BEE0B4 /* PBXContainerItemProxy */;
		};
/* End PBXTargetDependency section */

/* Begin XCBuildConfiguration section */
		700AB76B2802B1D400BEE0B4 /* Debug */ = {
			isa = XCBuildConfiguration;
			buildSettings = {
				ALWAYS_SEARCH_USER_PATHS = NO;
				CLANG_ANALYZER_NONNULL = YES;
				CLANG_ANALYZER_NUMBER_OBJECT_CONVERSION = YES_AGGRESSIVE;
				CLANG_CXX_LANGUAGE_STANDARD = "gnu++17";
				CLANG_CXX_LIBRARY = "libc++";
				CLANG_ENABLE_MODULES = YES;
				CLANG_ENABLE_OBJC_ARC = YES;
				CLANG_ENABLE_OBJC_WEAK = YES;
				CLANG_WARN_BLOCK_CAPTURE_AUTORELEASING = YES;
				CLANG_WARN_BOOL_CONVERSION = YES;
				CLANG_WARN_COMMA = YES;
				CLANG_WARN_CONSTANT_CONVERSION = YES;
				CLANG_WARN_DEPRECATED_OBJC_IMPLEMENTATIONS = YES;
				CLANG_WARN_DIRECT_OBJC_ISA_USAGE = YES_ERROR;
				CLANG_WARN_DOCUMENTATION_COMMENTS = YES;
				CLANG_WARN_EMPTY_BODY = YES;
				CLANG_WARN_ENUM_CONVERSION = YES;
				CLANG_WARN_INFINITE_RECURSION = YES;
				CLANG_WARN_INT_CONVERSION = YES;
				CLANG_WARN_NON_LITERAL_NULL_CONVERSION = YES;
				CLANG_WARN_OBJC_IMPLICIT_RETAIN_SELF = YES;
				CLANG_WARN_OBJC_LITERAL_CONVERSION = YES;
				CLANG_WARN_OBJC_ROOT_CLASS = YES_ERROR;
				CLANG_WARN_QUOTED_INCLUDE_IN_FRAMEWORK_HEADER = YES;
				CLANG_WARN_RANGE_LOOP_ANALYSIS = YES;
				CLANG_WARN_STRICT_PROTOTYPES = YES;
				CLANG_WARN_SUSPICIOUS_MOVE = YES;
				CLANG_WARN_UNGUARDED_AVAILABILITY = YES_AGGRESSIVE;
				CLANG_WARN_UNREACHABLE_CODE = YES;
				CLANG_WARN__DUPLICATE_METHOD_MATCH = YES;
				COPY_PHASE_STRIP = NO;
				DEBUG_INFORMATION_FORMAT = dwarf;
				ENABLE_STRICT_OBJC_MSGSEND = YES;
				ENABLE_TESTABILITY = YES;
				GCC_C_LANGUAGE_STANDARD = gnu11;
				GCC_DYNAMIC_NO_PIC = NO;
				GCC_NO_COMMON_BLOCKS = YES;
				GCC_OPTIMIZATION_LEVEL = 0;
				GCC_PREPROCESSOR_DEFINITIONS = (
					"DEBUG=1",
					"$(inherited)",
				);
				GCC_WARN_64_TO_32_BIT_CONVERSION = YES;
				GCC_WARN_ABOUT_RETURN_TYPE = YES_ERROR;
				GCC_WARN_UNDECLARED_SELECTOR = YES;
				GCC_WARN_UNINITIALIZED_AUTOS = YES_AGGRESSIVE;
				GCC_WARN_UNUSED_FUNCTION = YES;
				GCC_WARN_UNUSED_VARIABLE = YES;
				IPHONEOS_DEPLOYMENT_TARGET = 15.2;
				MTL_ENABLE_DEBUG_INFO = INCLUDE_SOURCE;
				MTL_FAST_MATH = YES;
				ONLY_ACTIVE_ARCH = YES;
				SDKROOT = iphoneos;
				SWIFT_ACTIVE_COMPILATION_CONDITIONS = DEBUG;
				SWIFT_OPTIMIZATION_LEVEL = "-Onone";
			};
			name = Debug;
		};
		700AB76C2802B1D400BEE0B4 /* Release */ = {
			isa = XCBuildConfiguration;
			buildSettings = {
				ALWAYS_SEARCH_USER_PATHS = NO;
				CLANG_ANALYZER_NONNULL = YES;
				CLANG_ANALYZER_NUMBER_OBJECT_CONVERSION = YES_AGGRESSIVE;
				CLANG_CXX_LANGUAGE_STANDARD = "gnu++17";
				CLANG_CXX_LIBRARY = "libc++";
				CLANG_ENABLE_MODULES = YES;
				CLANG_ENABLE_OBJC_ARC = YES;
				CLANG_ENABLE_OBJC_WEAK = YES;
				CLANG_WARN_BLOCK_CAPTURE_AUTORELEASING = YES;
				CLANG_WARN_BOOL_CONVERSION = YES;
				CLANG_WARN_COMMA = YES;
				CLANG_WARN_CONSTANT_CONVERSION = YES;
				CLANG_WARN_DEPRECATED_OBJC_IMPLEMENTATIONS = YES;
				CLANG_WARN_DIRECT_OBJC_ISA_USAGE = YES_ERROR;
				CLANG_WARN_DOCUMENTATION_COMMENTS = YES;
				CLANG_WARN_EMPTY_BODY = YES;
				CLANG_WARN_ENUM_CONVERSION = YES;
				CLANG_WARN_INFINITE_RECURSION = YES;
				CLANG_WARN_INT_CONVERSION = YES;
				CLANG_WARN_NON_LITERAL_NULL_CONVERSION = YES;
				CLANG_WARN_OBJC_IMPLICIT_RETAIN_SELF = YES;
				CLANG_WARN_OBJC_LITERAL_CONVERSION = YES;
				CLANG_WARN_OBJC_ROOT_CLASS = YES_ERROR;
				CLANG_WARN_QUOTED_INCLUDE_IN_FRAMEWORK_HEADER = YES;
				CLANG_WARN_RANGE_LOOP_ANALYSIS = YES;
				CLANG_WARN_STRICT_PROTOTYPES = YES;
				CLANG_WARN_SUSPICIOUS_MOVE = YES;
				CLANG_WARN_UNGUARDED_AVAILABILITY = YES_AGGRESSIVE;
				CLANG_WARN_UNREACHABLE_CODE = YES;
				CLANG_WARN__DUPLICATE_METHOD_MATCH = YES;
				COPY_PHASE_STRIP = NO;
				DEBUG_INFORMATION_FORMAT = "dwarf-with-dsym";
				ENABLE_NS_ASSERTIONS = NO;
				ENABLE_STRICT_OBJC_MSGSEND = YES;
				GCC_C_LANGUAGE_STANDARD = gnu11;
				GCC_NO_COMMON_BLOCKS = YES;
				GCC_WARN_64_TO_32_BIT_CONVERSION = YES;
				GCC_WARN_ABOUT_RETURN_TYPE = YES_ERROR;
				GCC_WARN_UNDECLARED_SELECTOR = YES;
				GCC_WARN_UNINITIALIZED_AUTOS = YES_AGGRESSIVE;
				GCC_WARN_UNUSED_FUNCTION = YES;
				GCC_WARN_UNUSED_VARIABLE = YES;
				IPHONEOS_DEPLOYMENT_TARGET = 15.2;
				MTL_ENABLE_DEBUG_INFO = NO;
				MTL_FAST_MATH = YES;
				SDKROOT = iphoneos;
				SWIFT_COMPILATION_MODE = wholemodule;
				SWIFT_OPTIMIZATION_LEVEL = "-O";
				VALIDATE_PRODUCT = YES;
			};
			name = Release;
		};
		700AB76E2802B1D400BEE0B4 /* Debug */ = {
			isa = XCBuildConfiguration;
			buildSettings = {
				ASSETCATALOG_COMPILER_APPICON_NAME = AppIcon;
				ASSETCATALOG_COMPILER_GLOBAL_ACCENT_COLOR_NAME = AccentColor;
				CODE_SIGN_STYLE = Automatic;
				CURRENT_PROJECT_VERSION = 1;
				DEVELOPMENT_ASSET_PATHS = "\"AR ADHD/Preview Content\"";
				DEVELOPMENT_TEAM = B7NH3C7LP8;
				ENABLE_PREVIEWS = YES;
				GENERATE_INFOPLIST_FILE = YES;
				INFOPLIST_KEY_NSCameraUsageDescription = "";
				INFOPLIST_KEY_UIApplicationSupportsIndirectInputEvents = YES;
				INFOPLIST_KEY_UILaunchScreen_Generation = YES;
				INFOPLIST_KEY_UIRequiredDeviceCapabilities = arkit;
				INFOPLIST_KEY_UIStatusBarHidden = YES;
				INFOPLIST_KEY_UISupportedInterfaceOrientations_iPad = "UIInterfaceOrientationPortrait UIInterfaceOrientationPortraitUpsideDown UIInterfaceOrientationLandscapeLeft UIInterfaceOrientationLandscapeRight";
				INFOPLIST_KEY_UISupportedInterfaceOrientations_iPhone = "UIInterfaceOrientationPortrait UIInterfaceOrientationLandscapeLeft UIInterfaceOrientationLandscapeRight";
				LD_RUNPATH_SEARCH_PATHS = (
					"$(inherited)",
					"@executable_path/Frameworks",
				);
				MARKETING_VERSION = 1.0;
				PRODUCT_BUNDLE_IDENTIFIER = "kk.AR-ADHD";
				PRODUCT_NAME = "$(TARGET_NAME)";
				SWIFT_EMIT_LOC_STRINGS = YES;
				SWIFT_VERSION = 5.0;
				TARGETED_DEVICE_FAMILY = "1,2";
			};
			name = Debug;
		};
		700AB76F2802B1D400BEE0B4 /* Release */ = {
			isa = XCBuildConfiguration;
			buildSettings = {
				ASSETCATALOG_COMPILER_APPICON_NAME = AppIcon;
				ASSETCATALOG_COMPILER_GLOBAL_ACCENT_COLOR_NAME = AccentColor;
				CODE_SIGN_STYLE = Automatic;
				CURRENT_PROJECT_VERSION = 1;
				DEVELOPMENT_ASSET_PATHS = "\"AR ADHD/Preview Content\"";
				DEVELOPMENT_TEAM = B7NH3C7LP8;
				ENABLE_PREVIEWS = YES;
				GENERATE_INFOPLIST_FILE = YES;
				INFOPLIST_KEY_NSCameraUsageDescription = "";
				INFOPLIST_KEY_UIApplicationSupportsIndirectInputEvents = YES;
				INFOPLIST_KEY_UILaunchScreen_Generation = YES;
				INFOPLIST_KEY_UIRequiredDeviceCapabilities = arkit;
				INFOPLIST_KEY_UIStatusBarHidden = YES;
				INFOPLIST_KEY_UISupportedInterfaceOrientations_iPad = "UIInterfaceOrientationPortrait UIInterfaceOrientationPortraitUpsideDown UIInterfaceOrientationLandscapeLeft UIInterfaceOrientationLandscapeRight";
				INFOPLIST_KEY_UISupportedInterfaceOrientations_iPhone = "UIInterfaceOrientationPortrait UIInterfaceOrientationLandscapeLeft UIInterfaceOrientationLandscapeRight";
				LD_RUNPATH_SEARCH_PATHS = (
					"$(inherited)",
					"@executable_path/Frameworks",
				);
				MARKETING_VERSION = 1.0;
				PRODUCT_BUNDLE_IDENTIFIER = "kk.AR-ADHD";
				PRODUCT_NAME = "$(TARGET_NAME)";
				SWIFT_EMIT_LOC_STRINGS = YES;
				SWIFT_VERSION = 5.0;
				TARGETED_DEVICE_FAMILY = "1,2";
			};
			name = Release;
		};
		700AB7712802B1D400BEE0B4 /* Debug */ = {
			isa = XCBuildConfiguration;
			buildSettings = {
				ALWAYS_EMBED_SWIFT_STANDARD_LIBRARIES = YES;
				BUNDLE_LOADER = "$(TEST_HOST)";
				CODE_SIGN_STYLE = Automatic;
				CURRENT_PROJECT_VERSION = 1;
				DEVELOPMENT_TEAM = B7NH3C7LP8;
				GENERATE_INFOPLIST_FILE = YES;
				IPHONEOS_DEPLOYMENT_TARGET = 15.2;
				MARKETING_VERSION = 1.0;
				PRODUCT_BUNDLE_IDENTIFIER = "kk.AR-ADHDTests";
				PRODUCT_NAME = "$(TARGET_NAME)";
				SWIFT_EMIT_LOC_STRINGS = NO;
				SWIFT_VERSION = 5.0;
				TARGETED_DEVICE_FAMILY = "1,2";
				TEST_HOST = "$(BUILT_PRODUCTS_DIR)/AR ADHD.app/AR ADHD";
			};
			name = Debug;
		};
		700AB7722802B1D400BEE0B4 /* Release */ = {
			isa = XCBuildConfiguration;
			buildSettings = {
				ALWAYS_EMBED_SWIFT_STANDARD_LIBRARIES = YES;
				BUNDLE_LOADER = "$(TEST_HOST)";
				CODE_SIGN_STYLE = Automatic;
				CURRENT_PROJECT_VERSION = 1;
				DEVELOPMENT_TEAM = B7NH3C7LP8;
				GENERATE_INFOPLIST_FILE = YES;
				IPHONEOS_DEPLOYMENT_TARGET = 15.2;
				MARKETING_VERSION = 1.0;
				PRODUCT_BUNDLE_IDENTIFIER = "kk.AR-ADHDTests";
				PRODUCT_NAME = "$(TARGET_NAME)";
				SWIFT_EMIT_LOC_STRINGS = NO;
				SWIFT_VERSION = 5.0;
				TARGETED_DEVICE_FAMILY = "1,2";
				TEST_HOST = "$(BUILT_PRODUCTS_DIR)/AR ADHD.app/AR ADHD";
			};
			name = Release;
		};
		700AB7742802B1D400BEE0B4 /* Debug */ = {
			isa = XCBuildConfiguration;
			buildSettings = {
				ALWAYS_EMBED_SWIFT_STANDARD_LIBRARIES = YES;
				CODE_SIGN_STYLE = Automatic;
				CURRENT_PROJECT_VERSION = 1;
				DEVELOPMENT_TEAM = B7NH3C7LP8;
				GENERATE_INFOPLIST_FILE = YES;
				MARKETING_VERSION = 1.0;
				PRODUCT_BUNDLE_IDENTIFIER = "kk.AR-ADHDUITests";
				PRODUCT_NAME = "$(TARGET_NAME)";
				SWIFT_EMIT_LOC_STRINGS = NO;
				SWIFT_VERSION = 5.0;
				TARGETED_DEVICE_FAMILY = "1,2";
				TEST_TARGET_NAME = "AR ADHD";
			};
			name = Debug;
		};
		700AB7752802B1D400BEE0B4 /* Release */ = {
			isa = XCBuildConfiguration;
			buildSettings = {
				ALWAYS_EMBED_SWIFT_STANDARD_LIBRARIES = YES;
				CODE_SIGN_STYLE = Automatic;
				CURRENT_PROJECT_VERSION = 1;
				DEVELOPMENT_TEAM = B7NH3C7LP8;
				GENERATE_INFOPLIST_FILE = YES;
				MARKETING_VERSION = 1.0;
				PRODUCT_BUNDLE_IDENTIFIER = "kk.AR-ADHDUITests";
				PRODUCT_NAME = "$(TARGET_NAME)";
				SWIFT_EMIT_LOC_STRINGS = NO;
				SWIFT_VERSION = 5.0;
				TARGETED_DEVICE_FAMILY = "1,2";
				TEST_TARGET_NAME = "AR ADHD";
			};
			name = Release;
		};
/* End XCBuildConfiguration section */

/* Begin XCConfigurationList section */
		700AB7422802B1D200BEE0B4 /* Build configuration list for PBXProject "AR ADHD" */ = {
			isa = XCConfigurationList;
			buildConfigurations = (
				700AB76B2802B1D400BEE0B4 /* Debug */,
				700AB76C2802B1D400BEE0B4 /* Release */,
			);
			defaultConfigurationIsVisible = 0;
			defaultConfigurationName = Release;
		};
		700AB76D2802B1D400BEE0B4 /* Build configuration list for PBXNativeTarget "AR ADHD" */ = {
			isa = XCConfigurationList;
			buildConfigurations = (
				700AB76E2802B1D400BEE0B4 /* Debug */,
				700AB76F2802B1D400BEE0B4 /* Release */,
			);
			defaultConfigurationIsVisible = 0;
			defaultConfigurationName = Release;
		};
		700AB7702802B1D400BEE0B4 /* Build configuration list for PBXNativeTarget "AR ADHDTests" */ = {
			isa = XCConfigurationList;
			buildConfigurations = (
				700AB7712802B1D400BEE0B4 /* Debug */,
				700AB7722802B1D400BEE0B4 /* Release */,
			);
			defaultConfigurationIsVisible = 0;
			defaultConfigurationName = Release;
		};
		700AB7732802B1D400BEE0B4 /* Build configuration list for PBXNativeTarget "AR ADHDUITests" */ = {
			isa = XCConfigurationList;
			buildConfigurations = (
				700AB7742802B1D400BEE0B4 /* Debug */,
				700AB7752802B1D400BEE0B4 /* Release */,
			);
			defaultConfigurationIsVisible = 0;
			defaultConfigurationName = Release;
		};
/* End XCConfigurationList section */

/* Begin XCVersionGroup section */
		70B943E3281CFCD200A6B351 /* ADHDModel.xcdatamodeld */ = {
			isa = XCVersionGroup;
			children = (
				70B943E4281CFCD200A6B351 /* ADHDModel.xcdatamodel */,
			);
			currentVersion = 70B943E4281CFCD200A6B351 /* ADHDModel.xcdatamodel */;
			path = ADHDModel.xcdatamodeld;
			sourceTree = "<group>";
			versionGroupType = wrapper.xcdatamodel;
		};
/* End XCVersionGroup section */
	};
	rootObject = 700AB73F2802B1D200BEE0B4 /* Project object */;
}
